
Microsoft Visual Studio Solution File, Format Version 12.00
# Visual Studio Version 17
VisualStudioVersion = 17.7.34221.43
MinimumVisualStudioVersion = 10.0.40219.1
Project("{2150E333-8FDC-42A3-9474-1A3956D46DE8}") = "Core", "Core", "{46C62FA7-F645-4ED1-BB7D-F6048B2947C3}"
EndProject
Project("{2150E333-8FDC-42A3-9474-1A3956D46DE8}") = "Web", "Web", "{AC933FE1-1AD3-466F-981A-200D583ECBCF}"
EndProject
Project("{2150E333-8FDC-42A3-9474-1A3956D46DE8}") = "Infrastructure", "Infrastructure", "{358B1D5C-BE9D-4FE4-BCF3-122F531291C2}"
EndProject
Project("{FAE04EC0-301F-11D3-BF4B-00C04F79EFBC}") = "WebMVC", "WebMVC\WebMVC.csproj", "{1F764620-02A4-47D6-8191-8DF4107A8706}"
EndProject
Project("{FAE04EC0-301F-11D3-BF4B-00C04F79EFBC}") = "Application", "Application\Application.csproj", "{1508A936-C8A5-48BD-8A73-EA7BAFB4DBF8}"
EndProject
Project("{FAE04EC0-301F-11D3-BF4B-00C04F79EFBC}") = "Infrastructure", "Infrastructure\Infrastructure.csproj", "{645B624B-5870-4D39-BA9B-7AD4FF2409BD}"
EndProject
Project("{FAE04EC0-301F-11D3-BF4B-00C04F79EFBC}") = "Domain", "Domain\Domain.csproj", "{7AFF568C-087E-418D-88C1-C3FA8E5FF93C}"
EndProject
Project("{2150E333-8FDC-42A3-9474-1A3956D46DE8}") = "Application", "Application", "{26734F9B-E83D-4674-944B-5CB6F5DE71BB}"
EndProject
Project("{2150E333-8FDC-42A3-9474-1A3956D46DE8}") = "Domain", "Domain", "{904F6053-E2CB-4AC1-AAC3-CC97CB48C3A9}"
EndProject
Global
	GlobalSection(SolutionConfigurationPlatforms) = preSolution
		Debug|Any CPU = Debug|Any CPU
		Release|Any CPU = Release|Any CPU
	EndGlobalSection
	GlobalSection(ProjectConfigurationPlatforms) = postSolution
		{1F764620-02A4-47D6-8191-8DF4107A8706}.Debug|Any CPU.ActiveCfg = Debug|Any CPU
		{1F764620-02A4-47D6-8191-8DF4107A8706}.Debug|Any CPU.Build.0 = Debug|Any CPU
		{1F764620-02A4-47D6-8191-8DF4107A8706}.Release|Any CPU.ActiveCfg = Release|Any CPU
		{1F764620-02A4-47D6-8191-8DF4107A8706}.Release|Any CPU.Build.0 = Release|Any CPU
		{1508A936-C8A5-48BD-8A73-EA7BAFB4DBF8}.Debug|Any CPU.ActiveCfg = Debug|Any CPU
		{1508A936-C8A5-48BD-8A73-EA7BAFB4DBF8}.Debug|Any CPU.Build.0 = Debug|Any CPU
		{1508A936-C8A5-48BD-8A73-EA7BAFB4DBF8}.Release|Any CPU.ActiveCfg = Release|Any CPU
		{1508A936-C8A5-48BD-8A73-EA7BAFB4DBF8}.Release|Any CPU.Build.0 = Release|Any CPU
		{645B624B-5870-4D39-BA9B-7AD4FF2409BD}.Debug|Any CPU.ActiveCfg = Debug|Any CPU
		{645B624B-5870-4D39-BA9B-7AD4FF2409BD}.Debug|Any CPU.Build.0 = Debug|Any CPU
		{645B624B-5870-4D39-BA9B-7AD4FF2409BD}.Release|Any CPU.ActiveCfg = Release|Any CPU
		{645B624B-5870-4D39-BA9B-7AD4FF2409BD}.Release|Any CPU.Build.0 = Release|Any CPU
		{7AFF568C-087E-418D-88C1-C3FA8E5FF93C}.Debug|Any CPU.ActiveCfg = Debug|Any CPU
		{7AFF568C-087E-418D-88C1-C3FA8E5FF93C}.Debug|Any CPU.Build.0 = Debug|Any CPU
		{7AFF568C-087E-418D-88C1-C3FA8E5FF93C}.Release|Any CPU.ActiveCfg = Release|Any CPU
		{7AFF568C-087E-418D-88C1-C3FA8E5FF93C}.Release|Any CPU.Build.0 = Release|Any CPU
	EndGlobalSection
	GlobalSection(SolutionProperties) = preSolution
		HideSolutionNode = FALSE
	EndGlobalSection
	GlobalSection(NestedProjects) = preSolution
		{1F764620-02A4-47D6-8191-8DF4107A8706} = {AC933FE1-1AD3-466F-981A-200D583ECBCF}
		{1508A936-C8A5-48BD-8A73-EA7BAFB4DBF8} = {26734F9B-E83D-4674-944B-5CB6F5DE71BB}
		{645B624B-5870-4D39-BA9B-7AD4FF2409BD} = {358B1D5C-BE9D-4FE4-BCF3-122F531291C2}
		{7AFF568C-087E-418D-88C1-C3FA8E5FF93C} = {904F6053-E2CB-4AC1-AAC3-CC97CB48C3A9}
		{26734F9B-E83D-4674-944B-5CB6F5DE71BB} = {46C62FA7-F645-4ED1-BB7D-F6048B2947C3}
		{904F6053-E2CB-4AC1-AAC3-CC97CB48C3A9} = {46C62FA7-F645-4ED1-BB7D-F6048B2947C3}
	EndGlobalSection
	GlobalSection(ExtensibilityGlobals) = postSolution
		SolutionGuid = {C954AC59-6A45-4170-875C-EB50ADCAE86F}
	EndGlobalSection
EndGlobal
